
Microsoft Visual Studio Solution File, Format Version 12.00
# Visual Studio Version 17
VisualStudioVersion = 17.2.32630.192
MinimumVisualStudioVersion = 10.0.40219.1
Project("{FAE04EC0-301F-11D3-BF4B-00C04F79EFBC}") = "CalculatorWin", "CalculatorWin\CalculatorWin.csproj", "{B15023B7-CA25-4F5C-BF4F-74E4C584265F}"
EndProject
Global
	GlobalSection(SolutionConfigurationPlatforms) = preSolution
		Debug|Any CPU = Debug|Any CPU
		Release|Any CPU = Release|Any CPU
	EndGlobalSection
	GlobalSection(ProjectConfigurationPlatforms) = postSolution
		{B15023B7-CA25-4F5C-BF4F-74E4C584265F}.Debug|Any CPU.ActiveCfg = Debug|Any CPU
		{B15023B7-CA25-4F5C-BF4F-74E4C584265F}.Debug|Any CPU.Build.0 = Debug|Any CPU
		{B15023B7-CA25-4F5C-BF4F-74E4C584265F}.Release|Any CPU.ActiveCfg = Release|Any CPU
		{B15023B7-CA25-4F5C-BF4F-74E4C584265F}.Release|Any CPU.Build.0 = Release|Any CPU
	EndGlobalSection
	GlobalSection(SolutionProperties) = preSolution
		HideSolutionNode = FALSE
	EndGlobalSection
	GlobalSection(ExtensibilityGlobals) = postSolution
		SolutionGuid = {2B123AAC-A983-4114-BD2A-C9CC4C0C9862}
	EndGlobalSection
EndGlobal
